
Microsoft Visual Studio Solution File, Format Version 12.00
# Visual Studio 15
VisualStudioVersion = 15.0.27004.2002
MinimumVisualStudioVersion = 10.0.40219.1
Project("{9A19103F-16F7-4668-BE54-9A1E7A4F7556}") = "GhostSword", "GhostSword\GhostSword.csproj", "{802D99A1-B3EA-4BB7-B999-421EB36E9FBD}"
EndProject
Project("{9A19103F-16F7-4668-BE54-9A1E7A4F7556}") = "GhostSwordOnline", "GhostSwordOnline\GhostSwordOnline.csproj", "{564B11DB-B5F1-47BD-BD9D-E528AF8BD2DC}"
EndProject
Project("{FAE04EC0-301F-11D3-BF4B-00C04F79EFBC}") = "GhostSwordPlugin", "GhostSwordPlugin\GhostSwordPlugin.csproj", "{17D6D01B-F2CA-459C-8954-D7CA5FCE60DA}"
EndProject
Global
	GlobalSection(SolutionConfigurationPlatforms) = preSolution
		Debug|Any CPU = Debug|Any CPU
		Release|Any CPU = Release|Any CPU
	EndGlobalSection
	GlobalSection(ProjectConfigurationPlatforms) = postSolution
		{802D99A1-B3EA-4BB7-B999-421EB36E9FBD}.Debug|Any CPU.ActiveCfg = Debug|Any CPU
		{802D99A1-B3EA-4BB7-B999-421EB36E9FBD}.Debug|Any CPU.Build.0 = Debug|Any CPU
		{802D99A1-B3EA-4BB7-B999-421EB36E9FBD}.Release|Any CPU.ActiveCfg = Release|Any CPU
		{802D99A1-B3EA-4BB7-B999-421EB36E9FBD}.Release|Any CPU.Build.0 = Release|Any CPU
		{564B11DB-B5F1-47BD-BD9D-E528AF8BD2DC}.Debug|Any CPU.ActiveCfg = Debug|Any CPU
		{564B11DB-B5F1-47BD-BD9D-E528AF8BD2DC}.Debug|Any CPU.Build.0 = Debug|Any CPU
		{564B11DB-B5F1-47BD-BD9D-E528AF8BD2DC}.Release|Any CPU.ActiveCfg = Release|Any CPU
		{564B11DB-B5F1-47BD-BD9D-E528AF8BD2DC}.Release|Any CPU.Build.0 = Release|Any CPU
		{17D6D01B-F2CA-459C-8954-D7CA5FCE60DA}.Debug|Any CPU.ActiveCfg = Debug|Any CPU
		{17D6D01B-F2CA-459C-8954-D7CA5FCE60DA}.Debug|Any CPU.Build.0 = Debug|Any CPU
		{17D6D01B-F2CA-459C-8954-D7CA5FCE60DA}.Release|Any CPU.ActiveCfg = Release|Any CPU
		{17D6D01B-F2CA-459C-8954-D7CA5FCE60DA}.Release|Any CPU.Build.0 = Release|Any CPU
	EndGlobalSection
	GlobalSection(SolutionProperties) = preSolution
		HideSolutionNode = FALSE
	EndGlobalSection
	GlobalSection(ExtensibilityGlobals) = postSolution
		SolutionGuid = {59700A6D-E786-49F6-8DED-B6A1F67E6412}
	EndGlobalSection
EndGlobal
